
Microsoft Visual Studio Solution File, Format Version 12.00
# Visual Studio Version 17
VisualStudioVersion = 17.11.35303.130
MinimumVisualStudioVersion = 10.0.40219.1
Project("{FAE04EC0-301F-11D3-BF4B-00C04F79EFBC}") = "UBULibPr", "UBULibPr\UBULibPr.csproj", "{9AEF9B76-3937-4C4D-A5E0-0D6F24D7617C}"
EndProject
Project("{FAE04EC0-301F-11D3-BF4B-00C04F79EFBC}") = "UBULibPrTests", "UBULibPrTests\UBULibPrTests.csproj", "{15F7221D-67B2-4A0D-AFFC-337FC733EAE8}"
EndProject
Project("{FAE04EC0-301F-11D3-BF4B-00C04F79EFBC}") = "ClassLib", "ClassLib\ClassLib.csproj", "{36BB3F22-E0D4-4DD7-8AFA-61A29CCD9C9C}"
EndProject
Project("{FAE04EC0-301F-11D3-BF4B-00C04F79EFBC}") = "ClassLibTests", "ClassLibTests\ClassLibTests.csproj", "{C6B54271-4359-4E1B-A3D4-E9DFFBE2B14A}"
EndProject
Project("{FAE04EC0-301F-11D3-BF4B-00C04F79EFBC}") = "WHDatabase", "WHDatabase\WHDatabase.csproj", "{B1852D5C-6ED6-4710-9D18-195BBEECA1D0}"
EndProject
Project("{FAE04EC0-301F-11D3-BF4B-00C04F79EFBC}") = "WWW", "WWW\WWW.csproj", "{D77911A8-555F-451E-9425-FD3143EB4AFE}"
EndProject
Global
	GlobalSection(SolutionConfigurationPlatforms) = preSolution
		Debug|Any CPU = Debug|Any CPU
		Release|Any CPU = Release|Any CPU
	EndGlobalSection
	GlobalSection(ProjectConfigurationPlatforms) = postSolution
		{9AEF9B76-3937-4C4D-A5E0-0D6F24D7617C}.Debug|Any CPU.ActiveCfg = Debug|Any CPU
		{9AEF9B76-3937-4C4D-A5E0-0D6F24D7617C}.Debug|Any CPU.Build.0 = Debug|Any CPU
		{9AEF9B76-3937-4C4D-A5E0-0D6F24D7617C}.Release|Any CPU.ActiveCfg = Release|Any CPU
		{9AEF9B76-3937-4C4D-A5E0-0D6F24D7617C}.Release|Any CPU.Build.0 = Release|Any CPU
		{15F7221D-67B2-4A0D-AFFC-337FC733EAE8}.Debug|Any CPU.ActiveCfg = Debug|Any CPU
		{15F7221D-67B2-4A0D-AFFC-337FC733EAE8}.Debug|Any CPU.Build.0 = Debug|Any CPU
		{15F7221D-67B2-4A0D-AFFC-337FC733EAE8}.Release|Any CPU.ActiveCfg = Release|Any CPU
		{15F7221D-67B2-4A0D-AFFC-337FC733EAE8}.Release|Any CPU.Build.0 = Release|Any CPU
		{36BB3F22-E0D4-4DD7-8AFA-61A29CCD9C9C}.Debug|Any CPU.ActiveCfg = Debug|Any CPU
		{36BB3F22-E0D4-4DD7-8AFA-61A29CCD9C9C}.Debug|Any CPU.Build.0 = Debug|Any CPU
		{36BB3F22-E0D4-4DD7-8AFA-61A29CCD9C9C}.Release|Any CPU.ActiveCfg = Release|Any CPU
		{36BB3F22-E0D4-4DD7-8AFA-61A29CCD9C9C}.Release|Any CPU.Build.0 = Release|Any CPU
		{C6B54271-4359-4E1B-A3D4-E9DFFBE2B14A}.Debug|Any CPU.ActiveCfg = Debug|Any CPU
		{C6B54271-4359-4E1B-A3D4-E9DFFBE2B14A}.Debug|Any CPU.Build.0 = Debug|Any CPU
		{C6B54271-4359-4E1B-A3D4-E9DFFBE2B14A}.Release|Any CPU.ActiveCfg = Release|Any CPU
		{C6B54271-4359-4E1B-A3D4-E9DFFBE2B14A}.Release|Any CPU.Build.0 = Release|Any CPU
		{B1852D5C-6ED6-4710-9D18-195BBEECA1D0}.Debug|Any CPU.ActiveCfg = Debug|Any CPU
		{B1852D5C-6ED6-4710-9D18-195BBEECA1D0}.Debug|Any CPU.Build.0 = Debug|Any CPU
		{B1852D5C-6ED6-4710-9D18-195BBEECA1D0}.Release|Any CPU.ActiveCfg = Release|Any CPU
		{B1852D5C-6ED6-4710-9D18-195BBEECA1D0}.Release|Any CPU.Build.0 = Release|Any CPU
		{D77911A8-555F-451E-9425-FD3143EB4AFE}.Debug|Any CPU.ActiveCfg = Debug|Any CPU
		{D77911A8-555F-451E-9425-FD3143EB4AFE}.Debug|Any CPU.Build.0 = Debug|Any CPU
		{D77911A8-555F-451E-9425-FD3143EB4AFE}.Release|Any CPU.ActiveCfg = Release|Any CPU
		{D77911A8-555F-451E-9425-FD3143EB4AFE}.Release|Any CPU.Build.0 = Release|Any CPU
	EndGlobalSection
	GlobalSection(SolutionProperties) = preSolution
		HideSolutionNode = FALSE
	EndGlobalSection
	GlobalSection(ExtensibilityGlobals) = postSolution
		SolutionGuid = {86ABDF6F-50A8-479C-BA61-9E8C6FC914FA}
	EndGlobalSection
EndGlobal
